// !$*UTF8*$!
{
	archiveVersion = 1;
	classes = {
	};
	objectVersion = 50;
	objects = {

/* Begin PBXBuildFile section */
		555C2D7021FE68CF001B1C2C /* AppDelegate.m in Sources */ = {isa = PBXBuildFile; fileRef = 555C2D6F21FE68CF001B1C2C /* AppDelegate.m */; };
		555C2D7221FE68D4001B1C2C /* Assets.xcassets in Resources */ = {isa = PBXBuildFile; fileRef = 555C2D7121FE68D4001B1C2C /* Assets.xcassets */; };
		555C2D7521FE68D4001B1C2C /* MainMenu.xib in Resources */ = {isa = PBXBuildFile; fileRef = 555C2D7321FE68D4001B1C2C /* MainMenu.xib */; };
		555C2D7821FE68D4001B1C2C /* main.m in Sources */ = {isa = PBXBuildFile; fileRef = 555C2D7721FE68D4001B1C2C /* main.m */; };
/* End PBXBuildFile section */

/* Begin PBXFileReference section */
		555C2D6B21FE68CF001B1C2C /* TEXAS.app */ = {isa = PBXFileReference; explicitFileType = wrapper.application; includeInIndex = 0; path = TEXAS.app; sourceTree = BUILT_PRODUCTS_DIR; };
		555C2D6E21FE68CF001B1C2C /* AppDelegate.h */ = {isa = PBXFileReference; lastKnownFileType = sourcecode.c.h; path = AppDelegate.h; sourceTree = "<group>"; };
		555C2D6F21FE68CF001B1C2C /* AppDelegate.m */ = {isa = PBXFileReference; lastKnownFileType = sourcecode.c.objc; path = AppDelegate.m; sourceTree = "<group>"; };
		555C2D7121FE68D4001B1C2C /* Assets.xcassets */ = {isa = PBXFileReference; lastKnownFileType = folder.assetcatalog; path = Assets.xcassets; sourceTree = "<group>"; };
		555C2D7421FE68D4001B1C2C /* Base */ = {isa = PBXFileReference; lastKnownFileType = file.xib; name = Base; path = Base.lproj/MainMenu.xib; sourceTree = "<group>"; };
		555C2D7621FE68D4001B1C2C /* Info.plist */ = {isa = PBXFileReference; lastKnownFileType = text.plist.xml; path = Info.plist; sourceTree = "<group>"; };
		555C2D7721FE68D4001B1C2C /* main.m */ = {isa = PBXFileReference; lastKnownFileType = sourcecode.c.objc; path = main.m; sourceTree = "<group>"; };
		555C2D7921FE68D4001B1C2C /* TEXAS.entitlements */ = {isa = PBXFileReference; lastKnownFileType = text.plist.entitlements; path = TEXAS.entitlements; sourceTree = "<group>"; };
/* End PBXFileReference section */

/* Begin PBXFrameworksBuildPhase section */
		555C2D6821FE68CF001B1C2C /* Frameworks */ = {
			isa = PBXFrameworksBuildPhase;
			buildActionMask = 2147483647;
			files = (
			);
			runOnlyForDeploymentPostprocessing = 0;
		};
/* End PBXFrameworksBuildPhase section */

/* Begin PBXGroup section */
		555C2D6221FE68CF001B1C2C = {
			isa = PBXGroup;
			children = (
				555C2D6D21FE68CF001B1C2C /* TEXAS */,
				555C2D6C21FE68CF001B1C2C /* Products */,
			);
			sourceTree = "<group>";
		};
		555C2D6C21FE68CF001B1C2C /* Products */ = {
			isa = PBXGroup;
			children = (
				555C2D6B21FE68CF001B1C2C /* TEXAS.app */,
			);
			name = Products;
			sourceTree = "<group>";
		};
		555C2D6D21FE68CF001B1C2C /* TEXAS */ = {
			isa = PBXGroup;
			children = (
				555C2D6E21FE68CF001B1C2C /* AppDelegate.h */,
				555C2D6F21FE68CF001B1C2C /* AppDelegate.m */,
				555C2D7121FE68D4001B1C2C /* Assets.xcassets */,
				555C2D7321FE68D4001B1C2C /* MainMenu.xib */,
				555C2D7621FE68D4001B1C2C /* Info.plist */,
				555C2D7721FE68D4001B1C2C /* main.m */,
				555C2D7921FE68D4001B1C2C /* TEXAS.entitlements */,
			);
			path = TEXAS;
			sourceTree = "<group>";
		};
/* End PBXGroup section */

/* Begin PBXNativeTarget section */
		555C2D6A21FE68CF001B1C2C /* TEXAS */ = {
			isa = PBXNativeTarget;
			buildConfigurationList = 555C2D7C21FE68D4001B1C2C /* Build configuration list for PBXNativeTarget "TEXAS" */;
			buildPhases = (
				555C2D6721FE68CF001B1C2C /* Sources */,
				555C2D6821FE68CF001B1C2C /* Frameworks */,
				555C2D6921FE68CF001B1C2C /* Resources */,
			);
			buildRules = (
			);
			dependencies = (
			);
			name = TEXAS;
			productName = TEXAS;
			productReference = 555C2D6B21FE68CF001B1C2C /* TEXAS.app */;
			productType = "com.apple.product-type.application";
		};
/* End PBXNativeTarget section */

/* Begin PBXProject section */
		555C2D6321FE68CF001B1C2C /* Project object */ = {
			isa = PBXProject;
			attributes = {
				LastUpgradeCheck = 1010;
				ORGANIZATIONNAME = "Uli Kusterer";
				TargetAttributes = {
					555C2D6A21FE68CF001B1C2C = {
						CreatedOnToolsVersion = 10.1;
					};
				};
			};
			buildConfigurationList = 555C2D6621FE68CF001B1C2C /* Build configuration list for PBXProject "TEXAS" */;
			compatibilityVersion = "Xcode 9.3";
			developmentRegion = en;
			hasScannedForEncodings = 0;
			knownRegions = (
				en,
				Base,
			);
			mainGroup = 555C2D6221FE68CF001B1C2C;
			productRefGroup = 555C2D6C21FE68CF001B1C2C /* Products */;
			projectDirPath = "";
			projectRoot = "";
			targets = (
				555C2D6A21FE68CF001B1C2C /* TEXAS */,
			);
		};
/* End PBXProject section */

/* Begin PBXResourcesBuildPhase section */
		555C2D6921FE68CF001B1C2C /* Resources */ = {
			isa = PBXResourcesBuildPhase;
			buildActionMask = 2147483647;
			files = (
				555C2D7221FE68D4001B1C2C /* Assets.xcassets in Resources */,
				555C2D7521FE68D4001B1C2C /* MainMenu.xib in Resources */,
			);
			runOnlyForDeploymentPostprocessing = 0;
		};
/* End PBXResourcesBuildPhase section */

/* Begin PBXSourcesBuildPhase section */
		555C2D6721FE68CF001B1C2C /* Sources */ = {
			isa = PBXSourcesBuildPhase;
			buildActionMask = 2147483647;
			files = (
				555C2D7821FE68D4001B1C2C /* main.m in Sources */,
				555C2D7021FE68CF001B1C2C /* AppDelegate.m in Sources */,
			);
			runOnlyForDeploymentPostprocessing = 0;
		};
/* End PBXSourcesBuildPhase section */

/* Begin PBXVariantGroup section */
		555C2D7321FE68D4001B1C2C /* MainMenu.xib */ = {
			isa = PBXVariantGroup;
			children = (
				555C2D7421FE68D4001B1C2C /* Base */,
			);
			name = MainMenu.xib;
			sourceTree = "<group>";
		};
/* End PBXVariantGroup section */

/* Begin XCBuildConfiguration section */
		555C2D7A21FE68D4001B1C2C /* Debug */ = {
			isa = XCBuildConfiguration;
			buildSettings = {
				ALWAYS_SEARCH_USER_PATHS = NO;
				CLANG_ANALYZER_NONNULL = YES;
				CLANG_ANALYZER_NUMBER_OBJECT_CONVERSION = YES_AGGRESSIVE;
				CLANG_CXX_LANGUAGE_STANDARD = "gnu++14";
				CLANG_CXX_LIBRARY = "libc++";
				CLANG_ENABLE_MODULES = YES;
				CLANG_ENABLE_OBJC_ARC = YES;
				CLANG_ENABLE_OBJC_WEAK = YES;
				CLANG_WARN_BLOCK_CAPTURE_AUTORELEASING = YES;
				CLANG_WARN_BOOL_CONVERSION = YES;
				CLANG_WARN_COMMA = YES;
				CLANG_WARN_CONSTANT_CONVERSION = YES;
				CLANG_WARN_DEPRECATED_OBJC_IMPLEMENTATIONS = YES;
				CLANG_WARN_DIRECT_OBJC_ISA_USAGE = YES_ERROR;
				CLANG_WARN_DOCUMENTATION_COMMENTS = YES;
				CLANG_WARN_EMPTY_BODY = YES;
				CLANG_WARN_ENUM_CONVERSION = YES;
				CLANG_WARN_INFINITE_RECURSION = YES;
				CLANG_WARN_INT_CONVERSION = YES;
				CLANG_WARN_NON_LITERAL_NULL_CONVERSION = YES;
				CLANG_WARN_OBJC_IMPLICIT_RETAIN_SELF = YES;
				CLANG_WARN_OBJC_LITERAL_CONVERSION = YES;
				CLANG_WARN_OBJC_ROOT_CLASS = YES_ERROR;
				CLANG_WARN_RANGE_LOOP_ANALYSIS = YES;
				CLANG_WARN_STRICT_PROTOTYPES = YES;
				CLANG_WARN_SUSPICIOUS_MOVE = YES;
				CLANG_WARN_UNGUARDED_AVAILABILITY = YES_AGGRESSIVE;
				CLANG_WARN_UNREACHABLE_CODE = YES;
				CLANG_WARN__DUPLICATE_METHOD_MATCH = YES;
				CODE_SIGN_IDENTITY = "Mac Developer";
				COPY_PHASE_STRIP = NO;
				DEBUG_INFORMATION_FORMAT = dwarf;
				ENABLE_STRICT_OBJC_MSGSEND = YES;
				ENABLE_TESTABILITY = YES;
				GCC_C_LANGUAGE_STANDARD = gnu11;
				GCC_DYNAMIC_NO_PIC = NO;
				GCC_NO_COMMON_BLOCKS = YES;
				GCC_OPTIMIZATION_LEVEL = 0;
				GCC_PREPROCESSOR_DEFINITIONS = (
					"DEBUG=1",
					"$(inherited)",
				);
				GCC_WARN_64_TO_32_BIT_CONVERSION = YES;
				GCC_WARN_ABOUT_RETURN_TYPE = YES_ERROR;
				GCC_WARN_UNDECLARED_SELECTOR = YES;
				GCC_WARN_UNINITIALIZED_AUTOS = YES_AGGRESSIVE;
				GCC_WARN_UNUSED_FUNCTION = YES;
				GCC_WARN_UNUSED_VARIABLE = YES;
				MACOSX_DEPLOYMENT_TARGET = 10.14;
				MTL_ENABLE_DEBUG_INFO = INCLUDE_SOURCE;
				MTL_FAST_MATH = YES;
				ONLY_ACTIVE_ARCH = YES;
				SDKROOT = macosx;
			};
			name = Debug;
		};
		555C2D7B21FE68D4001B1C2C /* Release */ = {
			isa = XCBuildConfiguration;
			buildSettings = {
				ALWAYS_SEARCH_USER_PATHS = NO;
				CLANG_ANALYZER_NONNULL = YES;
				CLANG_ANALYZER_NUMBER_OBJECT_CONVERSION = YES_AGGRESSIVE;
				CLANG_CXX_LANGUAGE_STANDARD = "gnu++14";
				CLANG_CXX_LIBRARY = "libc++";
				CLANG_ENABLE_MODULES = YES;
				CLANG_ENABLE_OBJC_ARC = YES;
				CLANG_ENABLE_OBJC_WEAK = YES;
				CLANG_WARN_BLOCK_CAPTURE_AUTORELEASING = YES;
				CLANG_WARN_BOOL_CONVERSION = YES;
				CLANG_WARN_COMMA = YES;
				CLANG_WARN_CONSTANT_CONVERSION = YES;
				CLANG_WARN_DEPRECATED_OBJC_IMPLEMENTATIONS = YES;
				CLANG_WARN_DIRECT_OBJC_ISA_USAGE = YES_ERROR;
				CLANG_WARN_DOCUMENTATION_COMMENTS = YES;
				CLANG_WARN_EMPTY_BODY = YES;
				CLANG_WARN_ENUM_CONVERSION = YES;
				CLANG_WARN_INFINITE_RECURSION = YES;
				CLANG_WARN_INT_CONVERSION = YES;
				CLANG_WARN_NON_LITERAL_NULL_CONVERSION = YES;
				CLANG_WARN_OBJC_IMPLICIT_RETAIN_SELF = YES;
				CLANG_WARN_OBJC_LITERAL_CONVERSION = YES;
				CLANG_WARN_OBJC_ROOT_CLASS = YES_ERROR;
				CLANG_WARN_RANGE_LOOP_ANALYSIS = YES;
				CLANG_WARN_STRICT_PROTOTYPES = YES;
				CLANG_WARN_SUSPICIOUS_MOVE = YES;
				CLANG_WARN_UNGUARDED_AVAILABILITY = YES_AGGRESSIVE;
				CLANG_WARN_UNREACHABLE_CODE = YES;
				CLANG_WARN__DUPLICATE_METHOD_MATCH = YES;
				CODE_SIGN_IDENTITY = "Mac Developer";
				COPY_PHASE_STRIP = NO;
				DEBUG_INFORMATION_FORMAT = "dwarf-with-dsym";
				ENABLE_NS_ASSERTIONS = NO;
				ENABLE_STRICT_OBJC_MSGSEND = YES;
				GCC_C_LANGUAGE_STANDARD = gnu11;
				GCC_NO_COMMON_BLOCKS = YES;
				GCC_WARN_64_TO_32_BIT_CONVERSION = YES;
				GCC_WARN_ABOUT_RETURN_TYPE = YES_ERROR;
				GCC_WARN_UNDECLARED_SELECTOR = YES;
				GCC_WARN_UNINITIALIZED_AUTOS = YES_AGGRESSIVE;
				GCC_WARN_UNUSED_FUNCTION = YES;
				GCC_WARN_UNUSED_VARIABLE = YES;
				MACOSX_DEPLOYMENT_TARGET = 10.14;
				MTL_ENABLE_DEBUG_INFO = NO;
				MTL_FAST_MATH = YES;
				SDKROOT = macosx;
			};
			name = Release;
		};
		555C2D7D21FE68D4001B1C2C /* Debug */ = {
			isa = XCBuildConfiguration;
			buildSettings = {
				ASSETCATALOG_COMPILER_APPICON_NAME = AppIcon;
				CODE_SIGN_ENTITLEMENTS = TEXAS/TEXAS.entitlements;
				CODE_SIGN_STYLE = Automatic;
				COMBINE_HIDPI_IMAGES = YES;
				DEVELOPMENT_TEAM = RCKXACKVZS;
				INFOPLIST_FILE = TEXAS/Info.plist;
				LD_RUNPATH_SEARCH_PATHS = (
					"$(inherited)",
					"@executable_path/../Frameworks",
				);
				PRODUCT_BUNDLE_IDENTIFIER = com.thevoidsoftware.TEXAS;
				PRODUCT_NAME = "$(TARGET_NAME)";
			};
			name = Debug;
		};
		555C2D7E21FE68D4001B1C2C /* Release */ = {
			isa = XCBuildConfiguration;
			buildSettings = {
				ASSETCATALOG_COMPILER_APPICON_NAME = AppIcon;
				CODE_SIGN_ENTITLEMENTS = TEXAS/TEXAS.entitlements;
				CODE_SIGN_STYLE = Automatic;
				COMBINE_HIDPI_IMAGES = YES;
				DEVELOPMENT_TEAM = RCKXACKVZS;
				INFOPLIST_FILE = TEXAS/Info.plist;
				LD_RUNPATH_SEARCH_PATHS = (
					"$(inherited)",
					"@executable_path/../Frameworks",
				);
				PRODUCT_BUNDLE_IDENTIFIER = com.thevoidsoftware.TEXAS;
				PRODUCT_NAME = "$(TARGET_NAME)";
			};
			name = Release;
		};
/* End XCBuildConfiguration section */

/* Begin XCConfigurationList section */
		555C2D6621FE68CF001B1C2C /* Build configuration list for PBXProject "TEXAS" */ = {
			isa = XCConfigurationList;
			buildConfigurations = (
				555C2D7A21FE68D4001B1C2C /* Debug */,
				555C2D7B21FE68D4001B1C2C /* Release */,
			);
			defaultConfigurationIsVisible = 0;
			defaultConfigurationName = Release;
		};
		555C2D7C21FE68D4001B1C2C /* Build configuration list for PBXNativeTarget "TEXAS" */ = {
			isa = XCConfigurationList;
			buildConfigurations = (
				555C2D7D21FE68D4001B1C2C /* Debug */,
				555C2D7E21FE68D4001B1C2C /* Release */,
			);
			defaultConfigurationIsVisible = 0;
			defaultConfigurationName = Release;
		};
/* End XCConfigurationList section */
	};
	rootObject = 555C2D6321FE68CF001B1C2C /* Project object */;
}
